
Microsoft Visual Studio Solution File, Format Version 10.00
# Visual Studio 2008
Project("{FAE04EC0-301F-11D3-BF4B-00C04F79EFBC}") = "RSSReader", "RSSReader\RSSReader.csproj", "{DF8B35F3-C4AC-4715-9411-24D9CC4F3BAA}"
EndProject
Project("{FAE04EC0-301F-11D3-BF4B-00C04F79EFBC}") = "RSSReader.Tests", "RSSReader.Tests\RSSReader.Tests.csproj", "{063447F4-D98D-48DF-BA88-B34A230B163C}"
EndProject
Global
	GlobalSection(SolutionConfigurationPlatforms) = preSolution
		Debug|Any CPU = Debug|Any CPU
		Release|Any CPU = Release|Any CPU
	EndGlobalSection
	GlobalSection(ProjectConfigurationPlatforms) = postSolution
		{DF8B35F3-C4AC-4715-9411-24D9CC4F3BAA}.Debug|Any CPU.ActiveCfg = Debug|Any CPU
		{DF8B35F3-C4AC-4715-9411-24D9CC4F3BAA}.Debug|Any CPU.Build.0 = Debug|Any CPU
		{DF8B35F3-C4AC-4715-9411-24D9CC4F3BAA}.Release|Any CPU.ActiveCfg = Release|Any CPU
		{DF8B35F3-C4AC-4715-9411-24D9CC4F3BAA}.Release|Any CPU.Build.0 = Release|Any CPU
		{063447F4-D98D-48DF-BA88-B34A230B163C}.Debug|Any CPU.ActiveCfg = Debug|Any CPU
		{063447F4-D98D-48DF-BA88-B34A230B163C}.Debug|Any CPU.Build.0 = Debug|Any CPU
		{063447F4-D98D-48DF-BA88-B34A230B163C}.Release|Any CPU.ActiveCfg = Release|Any CPU
		{063447F4-D98D-48DF-BA88-B34A230B163C}.Release|Any CPU.Build.0 = Release|Any CPU
	EndGlobalSection
	GlobalSection(SolutionProperties) = preSolution
		HideSolutionNode = FALSE
	EndGlobalSection
EndGlobal
